
Microsoft Visual Studio Solution File, Format Version 12.00
# Visual Studio Version 17
VisualStudioVersion = 17.3.32825.248
MinimumVisualStudioVersion = 10.0.40219.1
Project("{FAE04EC0-301F-11D3-BF4B-00C04F79EFBC}") = "TPWinForm", "TPWinForm\TPWinForm.csproj", "{A416C281-6972-4497-B94B-CEA1778F2817}"
EndProject
Global
	GlobalSection(SolutionConfigurationPlatforms) = preSolution
		Debug|Any CPU = Debug|Any CPU
		Release|Any CPU = Release|Any CPU
	EndGlobalSection
	GlobalSection(ProjectConfigurationPlatforms) = postSolution
		{A416C281-6972-4497-B94B-CEA1778F2817}.Debug|Any CPU.ActiveCfg = Debug|Any CPU
		{A416C281-6972-4497-B94B-CEA1778F2817}.Debug|Any CPU.Build.0 = Debug|Any CPU
		{A416C281-6972-4497-B94B-CEA1778F2817}.Release|Any CPU.ActiveCfg = Release|Any CPU
		{A416C281-6972-4497-B94B-CEA1778F2817}.Release|Any CPU.Build.0 = Release|Any CPU
	EndGlobalSection
	GlobalSection(SolutionProperties) = preSolution
		HideSolutionNode = FALSE
	EndGlobalSection
	GlobalSection(ExtensibilityGlobals) = postSolution
		SolutionGuid = {C93EF39D-1A47-4024-A523-3D619583933A}
	EndGlobalSection
EndGlobal
